
Microsoft Visual Studio Solution File, Format Version 12.00
# Visual Studio 15
VisualStudioVersion = 15.0.28307.572
MinimumVisualStudioVersion = 10.0.40219.1
Project("{888888A0-9F3D-457C-B088-3A5042F75D52}") = "Phantom", "Phantom\Phantom.pyproj", "{0D22DEF8-E075-4375-8282-ECA186452E3B}"
EndProject
Global
	GlobalSection(SolutionConfigurationPlatforms) = preSolution
		Debug|Any CPU = Debug|Any CPU
		Release|Any CPU = Release|Any CPU
	EndGlobalSection
	GlobalSection(ProjectConfigurationPlatforms) = postSolution
		{0D22DEF8-E075-4375-8282-ECA186452E3B}.Debug|Any CPU.ActiveCfg = Debug|Any CPU
		{0D22DEF8-E075-4375-8282-ECA186452E3B}.Release|Any CPU.ActiveCfg = Release|Any CPU
	EndGlobalSection
	GlobalSection(SolutionProperties) = preSolution
		HideSolutionNode = FALSE
	EndGlobalSection
	GlobalSection(ExtensibilityGlobals) = postSolution
		SolutionGuid = {791A7702-4B39-441D-BC4E-EBD160B91B2F}
	EndGlobalSection
EndGlobal
